
Microsoft Visual Studio Solution File, Format Version 12.00
# Visual Studio Version 17
VisualStudioVersion = 17.9.34902.65
MinimumVisualStudioVersion = 10.0.40219.1
Project("{FAE04EC0-301F-11D3-BF4B-00C04F79EFBC}") = "SalesWebMvc", "SalesWebMvc\SalesWebMvc.csproj", "{EAABB9AB-E78E-47F8-AA69-DDF29E6EFC43}"
EndProject
Global
	GlobalSection(SolutionConfigurationPlatforms) = preSolution
		Debug|Any CPU = Debug|Any CPU
		Release|Any CPU = Release|Any CPU
	EndGlobalSection
	GlobalSection(ProjectConfigurationPlatforms) = postSolution
		{EAABB9AB-E78E-47F8-AA69-DDF29E6EFC43}.Debug|Any CPU.ActiveCfg = Debug|Any CPU
		{EAABB9AB-E78E-47F8-AA69-DDF29E6EFC43}.Debug|Any CPU.Build.0 = Debug|Any CPU
		{EAABB9AB-E78E-47F8-AA69-DDF29E6EFC43}.Release|Any CPU.ActiveCfg = Release|Any CPU
		{EAABB9AB-E78E-47F8-AA69-DDF29E6EFC43}.Release|Any CPU.Build.0 = Release|Any CPU
	EndGlobalSection
	GlobalSection(SolutionProperties) = preSolution
		HideSolutionNode = FALSE
	EndGlobalSection
	GlobalSection(ExtensibilityGlobals) = postSolution
		SolutionGuid = {303E4213-02B2-452D-899B-96A373E809F2}
	EndGlobalSection
EndGlobal
